
Microsoft Visual Studio Solution File, Format Version 12.00
# Visual Studio 2012
Project("{FAE04EC0-301F-11D3-BF4B-00C04F79EFBC}") = "ModuleThermalGenerator", "ModuleThermalGenerator.csproj", "{4E7CE4A2-D53B-45A0-8CFA-EDF18A662E1C}"
EndProject
Global
	GlobalSection(SolutionConfigurationPlatforms) = preSolution
		Debug|Any CPU = Debug|Any CPU
		Release|Any CPU = Release|Any CPU
	EndGlobalSection
	GlobalSection(ProjectConfigurationPlatforms) = postSolution
		{4E7CE4A2-D53B-45A0-8CFA-EDF18A662E1C}.Debug|Any CPU.ActiveCfg = Debug|Any CPU
		{4E7CE4A2-D53B-45A0-8CFA-EDF18A662E1C}.Debug|Any CPU.Build.0 = Debug|Any CPU
		{4E7CE4A2-D53B-45A0-8CFA-EDF18A662E1C}.Release|Any CPU.ActiveCfg = Release|Any CPU
		{4E7CE4A2-D53B-45A0-8CFA-EDF18A662E1C}.Release|Any CPU.Build.0 = Release|Any CPU
	EndGlobalSection
	GlobalSection(MonoDevelopProperties) = preSolution
		StartupItem = ModuleThermalGenerator.csproj
	EndGlobalSection
EndGlobal
